
Microsoft Visual Studio Solution File, Format Version 12.00
# Visual Studio Version 17
VisualStudioVersion = 17.0.31903.59
MinimumVisualStudioVersion = 10.0.40219.1
Project("{2150E333-8FDC-42A3-9474-1A3956D46DE8}") = "src", "src", "{827E0CD3-B72D-47B6-A68D-7590B98EB39B}"
EndProject
Project("{FAE04EC0-301F-11D3-BF4B-00C04F79EFBC}") = "Raffinert.Consistency", "src\Raffinert.Consistency\Raffinert.Consistency.csproj", "{6F9B39AF-D721-4EFD-B820-C3476570E4B8}"
EndProject
Project("{2150E333-8FDC-42A3-9474-1A3956D46DE8}") = "tests", "tests", "{0AB3BF05-4346-4AA6-1389-037BE0695223}"
EndProject
Project("{FAE04EC0-301F-11D3-BF4B-00C04F79EFBC}") = "Raffinert.Consistency.Tests", "tests\Raffinert.Consistency.Tests\Raffinert.Consistency.Tests.csproj", "{5D036952-A0D3-472B-9411-613F9E2733F2}"
EndProject
Project("{2150E333-8FDC-42A3-9474-1A3956D46DE8}") = "benchmarks", "benchmarks", "{CD80D5C3-C0C7-4766-9EA6-228AE718A94C}"
EndProject
Project("{FAE04EC0-301F-11D3-BF4B-00C04F79EFBC}") = "Raffinert.Consistency.Benchmarks", "benchmarks\Raffinert.Consistency.Benchmarks\Raffinert.Consistency.Benchmarks.csproj", "{3E1A405D-E80A-4C43-94B1-6994DD4DB620}"
EndProject
Project("{FAE04EC0-301F-11D3-BF4B-00C04F79EFBC}") = "Raffinert.Consistency.EntityFrameworkCore", "src\Raffinert.Consistency.EntityFrameworkCore\Raffinert.Consistency.EntityFrameworkCore.csproj", "{62E1E41C-D4FB-47A3-9D78-D493BD5CA4BF}"
EndProject
Project("{FAE04EC0-301F-11D3-BF4B-00C04F79EFBC}") = "Raffinert.Consistency.EntityFrameworkCore.Tests", "tests\Raffinert.Consistency.EntityFrameworkCore.Tests\Raffinert.Consistency.EntityFrameworkCore.Tests.csproj", "{153BF7CB-F46A-470A-A96B-FA4C47B61957}"
EndProject
Project("{2150E333-8FDC-42A3-9474-1A3956D46DE8}") = "samples", "samples", "{5D20AA90-6969-D8BD-9DCD-8634F4692FDA}"
EndProject
Project("{FAE04EC0-301F-11D3-BF4B-00C04F79EFBC}") = "Raffinert.Consistency.OrderFulfillmentSample", "samples\Raffinert.Consistency.OrderFulfillmentSample\Raffinert.Consistency.OrderFulfillmentSample.csproj", "{D6A8D5D3-7FA9-4E11-93EF-5A75387B1E76}"
EndProject
Project("{FAE04EC0-301F-11D3-BF4B-00C04F79EFBC}") = "Raffinert.Consistency.EntityFrameworkCore.Sample", "samples\Raffinert.Consistency.EntityFrameworkCore.Sample\Raffinert.Consistency.EntityFrameworkCore.Sample.csproj", "{B779839E-33A9-4CB9-A12F-10459494C964}"
EndProject
Project("{FAE04EC0-301F-11D3-BF4B-00C04F79EFBC}") = "Raffinert.Consistency.DependencyMaintenanceSample", "samples\Raffinert.Consistency.DependencyMaintenanceSample\Raffinert.Consistency.DependencyMaintenanceSample.csproj", "{F295FCEB-F991-4327-921D-4C93F766B52A}"
EndProject
Global
	GlobalSection(SolutionConfigurationPlatforms) = preSolution
		Debug|Any CPU = Debug|Any CPU
		Debug|x64 = Debug|x64
		Debug|x86 = Debug|x86
		Release|Any CPU = Release|Any CPU
		Release|x64 = Release|x64
		Release|x86 = Release|x86
	EndGlobalSection
	GlobalSection(ProjectConfigurationPlatforms) = postSolution
		{6F9B39AF-D721-4EFD-B820-C3476570E4B8}.Debug|Any CPU.ActiveCfg = Debug|Any CPU
		{6F9B39AF-D721-4EFD-B820-C3476570E4B8}.Debug|Any CPU.Build.0 = Debug|Any CPU
		{6F9B39AF-D721-4EFD-B820-C3476570E4B8}.Debug|x64.ActiveCfg = Debug|Any CPU
		{6F9B39AF-D721-4EFD-B820-C3476570E4B8}.Debug|x64.Build.0 = Debug|Any CPU
		{6F9B39AF-D721-4EFD-B820-C3476570E4B8}.Debug|x86.ActiveCfg = Debug|Any CPU
		{6F9B39AF-D721-4EFD-B820-C3476570E4B8}.Debug|x86.Build.0 = Debug|Any CPU
		{6F9B39AF-D721-4EFD-B820-C3476570E4B8}.Release|Any CPU.ActiveCfg = Release|Any CPU
		{6F9B39AF-D721-4EFD-B820-C3476570E4B8}.Release|Any CPU.Build.0 = Release|Any CPU
		{6F9B39AF-D721-4EFD-B820-C3476570E4B8}.Release|x64.ActiveCfg = Release|Any CPU
		{6F9B39AF-D721-4EFD-B820-C3476570E4B8}.Release|x64.Build.0 = Release|Any CPU
		{6F9B39AF-D721-4EFD-B820-C3476570E4B8}.Release|x86.ActiveCfg = Release|Any CPU
		{6F9B39AF-D721-4EFD-B820-C3476570E4B8}.Release|x86.Build.0 = Release|Any CPU
		{5D036952-A0D3-472B-9411-613F9E2733F2}.Debug|Any CPU.ActiveCfg = Debug|Any CPU
		{5D036952-A0D3-472B-9411-613F9E2733F2}.Debug|Any CPU.Build.0 = Debug|Any CPU
		{5D036952-A0D3-472B-9411-613F9E2733F2}.Debug|x64.ActiveCfg = Debug|Any CPU
		{5D036952-A0D3-472B-9411-613F9E2733F2}.Debug|x64.Build.0 = Debug|Any CPU
		{5D036952-A0D3-472B-9411-613F9E2733F2}.Debug|x86.ActiveCfg = Debug|Any CPU
		{5D036952-A0D3-472B-9411-613F9E2733F2}.Debug|x86.Build.0 = Debug|Any CPU
		{5D036952-A0D3-472B-9411-613F9E2733F2}.Release|Any CPU.ActiveCfg = Release|Any CPU
		{5D036952-A0D3-472B-9411-613F9E2733F2}.Release|Any CPU.Build.0 = Release|Any CPU
		{5D036952-A0D3-472B-9411-613F9E2733F2}.Release|x64.ActiveCfg = Release|Any CPU
		{5D036952-A0D3-472B-9411-613F9E2733F2}.Release|x64.Build.0 = Release|Any CPU
		{5D036952-A0D3-472B-9411-613F9E2733F2}.Release|x86.ActiveCfg = Release|Any CPU
		{5D036952-A0D3-472B-9411-613F9E2733F2}.Release|x86.Build.0 = Release|Any CPU
		{3E1A405D-E80A-4C43-94B1-6994DD4DB620}.Debug|Any CPU.ActiveCfg = Debug|Any CPU
		{3E1A405D-E80A-4C43-94B1-6994DD4DB620}.Debug|Any CPU.Build.0 = Debug|Any CPU
		{3E1A405D-E80A-4C43-94B1-6994DD4DB620}.Debug|x64.ActiveCfg = Debug|Any CPU
		{3E1A405D-E80A-4C43-94B1-6994DD4DB620}.Debug|x64.Build.0 = Debug|Any CPU
		{3E1A405D-E80A-4C43-94B1-6994DD4DB620}.Debug|x86.ActiveCfg = Debug|Any CPU
		{3E1A405D-E80A-4C43-94B1-6994DD4DB620}.Debug|x86.Build.0 = Debug|Any CPU
		{3E1A405D-E80A-4C43-94B1-6994DD4DB620}.Release|Any CPU.ActiveCfg = Release|Any CPU
		{3E1A405D-E80A-4C43-94B1-6994DD4DB620}.Release|Any CPU.Build.0 = Release|Any CPU
		{3E1A405D-E80A-4C43-94B1-6994DD4DB620}.Release|x64.ActiveCfg = Release|Any CPU
		{3E1A405D-E80A-4C43-94B1-6994DD4DB620}.Release|x64.Build.0 = Release|Any CPU
		{3E1A405D-E80A-4C43-94B1-6994DD4DB620}.Release|x86.ActiveCfg = Release|Any CPU
		{3E1A405D-E80A-4C43-94B1-6994DD4DB620}.Release|x86.Build.0 = Release|Any CPU
		{62E1E41C-D4FB-47A3-9D78-D493BD5CA4BF}.Debug|Any CPU.ActiveCfg = Debug|Any CPU
		{62E1E41C-D4FB-47A3-9D78-D493BD5CA4BF}.Debug|Any CPU.Build.0 = Debug|Any CPU
		{62E1E41C-D4FB-47A3-9D78-D493BD5CA4BF}.Debug|x64.ActiveCfg = Debug|Any CPU
		{62E1E41C-D4FB-47A3-9D78-D493BD5CA4BF}.Debug|x64.Build.0 = Debug|Any CPU
		{62E1E41C-D4FB-47A3-9D78-D493BD5CA4BF}.Debug|x86.ActiveCfg = Debug|Any CPU
		{62E1E41C-D4FB-47A3-9D78-D493BD5CA4BF}.Debug|x86.Build.0 = Debug|Any CPU
		{62E1E41C-D4FB-47A3-9D78-D493BD5CA4BF}.Release|Any CPU.ActiveCfg = Release|Any CPU
		{62E1E41C-D4FB-47A3-9D78-D493BD5CA4BF}.Release|Any CPU.Build.0 = Release|Any CPU
		{62E1E41C-D4FB-47A3-9D78-D493BD5CA4BF}.Release|x64.ActiveCfg = Release|Any CPU
		{62E1E41C-D4FB-47A3-9D78-D493BD5CA4BF}.Release|x64.Build.0 = Release|Any CPU
		{62E1E41C-D4FB-47A3-9D78-D493BD5CA4BF}.Release|x86.ActiveCfg = Release|Any CPU
		{62E1E41C-D4FB-47A3-9D78-D493BD5CA4BF}.Release|x86.Build.0 = Release|Any CPU
		{153BF7CB-F46A-470A-A96B-FA4C47B61957}.Debug|Any CPU.ActiveCfg = Debug|Any CPU
		{153BF7CB-F46A-470A-A96B-FA4C47B61957}.Debug|Any CPU.Build.0 = Debug|Any CPU
		{153BF7CB-F46A-470A-A96B-FA4C47B61957}.Debug|x64.ActiveCfg = Debug|Any CPU
		{153BF7CB-F46A-470A-A96B-FA4C47B61957}.Debug|x64.Build.0 = Debug|Any CPU
		{153BF7CB-F46A-470A-A96B-FA4C47B61957}.Debug|x86.ActiveCfg = Debug|Any CPU
		{153BF7CB-F46A-470A-A96B-FA4C47B61957}.Debug|x86.Build.0 = Debug|Any CPU
		{153BF7CB-F46A-470A-A96B-FA4C47B61957}.Release|Any CPU.ActiveCfg = Release|Any CPU
		{153BF7CB-F46A-470A-A96B-FA4C47B61957}.Release|Any CPU.Build.0 = Release|Any CPU
		{153BF7CB-F46A-470A-A96B-FA4C47B61957}.Release|x64.ActiveCfg = Release|Any CPU
		{153BF7CB-F46A-470A-A96B-FA4C47B61957}.Release|x64.Build.0 = Release|Any CPU
		{153BF7CB-F46A-470A-A96B-FA4C47B61957}.Release|x86.ActiveCfg = Release|Any CPU
		{153BF7CB-F46A-470A-A96B-FA4C47B61957}.Release|x86.Build.0 = Release|Any CPU
		{D6A8D5D3-7FA9-4E11-93EF-5A75387B1E76}.Debug|Any CPU.ActiveCfg = Debug|Any CPU
		{D6A8D5D3-7FA9-4E11-93EF-5A75387B1E76}.Debug|Any CPU.Build.0 = Debug|Any CPU
		{D6A8D5D3-7FA9-4E11-93EF-5A75387B1E76}.Debug|x64.ActiveCfg = Debug|Any CPU
		{D6A8D5D3-7FA9-4E11-93EF-5A75387B1E76}.Debug|x64.Build.0 = Debug|Any CPU
		{D6A8D5D3-7FA9-4E11-93EF-5A75387B1E76}.Debug|x86.ActiveCfg = Debug|Any CPU
		{D6A8D5D3-7FA9-4E11-93EF-5A75387B1E76}.Debug|x86.Build.0 = Debug|Any CPU
		{D6A8D5D3-7FA9-4E11-93EF-5A75387B1E76}.Release|Any CPU.ActiveCfg = Release|Any CPU
		{D6A8D5D3-7FA9-4E11-93EF-5A75387B1E76}.Release|Any CPU.Build.0 = Release|Any CPU
		{D6A8D5D3-7FA9-4E11-93EF-5A75387B1E76}.Release|x64.ActiveCfg = Release|Any CPU
		{D6A8D5D3-7FA9-4E11-93EF-5A75387B1E76}.Release|x64.Build.0 = Release|Any CPU
		{D6A8D5D3-7FA9-4E11-93EF-5A75387B1E76}.Release|x86.ActiveCfg = Release|Any CPU
		{D6A8D5D3-7FA9-4E11-93EF-5A75387B1E76}.Release|x86.Build.0 = Release|Any CPU
		{B779839E-33A9-4CB9-A12F-10459494C964}.Debug|Any CPU.ActiveCfg = Debug|Any CPU
		{B779839E-33A9-4CB9-A12F-10459494C964}.Debug|Any CPU.Build.0 = Debug|Any CPU
		{B779839E-33A9-4CB9-A12F-10459494C964}.Debug|x64.ActiveCfg = Debug|Any CPU
		{B779839E-33A9-4CB9-A12F-10459494C964}.Debug|x64.Build.0 = Debug|Any CPU
		{B779839E-33A9-4CB9-A12F-10459494C964}.Debug|x86.ActiveCfg = Debug|Any CPU
		{B779839E-33A9-4CB9-A12F-10459494C964}.Debug|x86.Build.0 = Debug|Any CPU
		{B779839E-33A9-4CB9-A12F-10459494C964}.Release|Any CPU.ActiveCfg = Release|Any CPU
		{B779839E-33A9-4CB9-A12F-10459494C964}.Release|Any CPU.Build.0 = Release|Any CPU
		{B779839E-33A9-4CB9-A12F-10459494C964}.Release|x64.ActiveCfg = Release|Any CPU
		{B779839E-33A9-4CB9-A12F-10459494C964}.Release|x64.Build.0 = Release|Any CPU
		{B779839E-33A9-4CB9-A12F-10459494C964}.Release|x86.ActiveCfg = Release|Any CPU
		{B779839E-33A9-4CB9-A12F-10459494C964}.Release|x86.Build.0 = Release|Any CPU
		{F295FCEB-F991-4327-921D-4C93F766B52A}.Debug|Any CPU.ActiveCfg = Debug|Any CPU
		{F295FCEB-F991-4327-921D-4C93F766B52A}.Debug|Any CPU.Build.0 = Debug|Any CPU
		{F295FCEB-F991-4327-921D-4C93F766B52A}.Debug|x64.ActiveCfg = Debug|Any CPU
		{F295FCEB-F991-4327-921D-4C93F766B52A}.Debug|x64.Build.0 = Debug|Any CPU
		{F295FCEB-F991-4327-921D-4C93F766B52A}.Debug|x86.ActiveCfg = Debug|Any CPU
		{F295FCEB-F991-4327-921D-4C93F766B52A}.Debug|x86.Build.0 = Debug|Any CPU
		{F295FCEB-F991-4327-921D-4C93F766B52A}.Release|Any CPU.ActiveCfg = Release|Any CPU
		{F295FCEB-F991-4327-921D-4C93F766B52A}.Release|Any CPU.Build.0 = Release|Any CPU
		{F295FCEB-F991-4327-921D-4C93F766B52A}.Release|x64.ActiveCfg = Release|Any CPU
		{F295FCEB-F991-4327-921D-4C93F766B52A}.Release|x64.Build.0 = Release|Any CPU
		{F295FCEB-F991-4327-921D-4C93F766B52A}.Release|x86.ActiveCfg = Release|Any CPU
		{F295FCEB-F991-4327-921D-4C93F766B52A}.Release|x86.Build.0 = Release|Any CPU
	EndGlobalSection
	GlobalSection(SolutionProperties) = preSolution
		HideSolutionNode = FALSE
	EndGlobalSection
	GlobalSection(NestedProjects) = preSolution
		{6F9B39AF-D721-4EFD-B820-C3476570E4B8} = {827E0CD3-B72D-47B6-A68D-7590B98EB39B}
		{5D036952-A0D3-472B-9411-613F9E2733F2} = {0AB3BF05-4346-4AA6-1389-037BE0695223}
		{3E1A405D-E80A-4C43-94B1-6994DD4DB620} = {CD80D5C3-C0C7-4766-9EA6-228AE718A94C}
		{62E1E41C-D4FB-47A3-9D78-D493BD5CA4BF} = {827E0CD3-B72D-47B6-A68D-7590B98EB39B}
		{153BF7CB-F46A-470A-A96B-FA4C47B61957} = {0AB3BF05-4346-4AA6-1389-037BE0695223}
		{D6A8D5D3-7FA9-4E11-93EF-5A75387B1E76} = {5D20AA90-6969-D8BD-9DCD-8634F4692FDA}
		{B779839E-33A9-4CB9-A12F-10459494C964} = {5D20AA90-6969-D8BD-9DCD-8634F4692FDA}
		{F295FCEB-F991-4327-921D-4C93F766B52A} = {5D20AA90-6969-D8BD-9DCD-8634F4692FDA}
	EndGlobalSection
EndGlobal
